
Microsoft Visual Studio Solution File, Format Version 12.00
# Visual Studio Version 17
VisualStudioVersion = 17.1.32228.430
MinimumVisualStudioVersion = 10.0.40219.1
Project("{FAE04EC0-301F-11D3-BF4B-00C04F79EFBC}") = "N1", "N1\N1.csproj", "{73B6FACF-D356-4D8C-B948-1827C3BFAAC4}"
EndProject
Project("{FAE04EC0-301F-11D3-BF4B-00C04F79EFBC}") = "N2", "N2\N2.csproj", "{72F73FC6-D9A8-4952-BBF4-9424C1463F81}"
EndProject
Project("{FAE04EC0-301F-11D3-BF4B-00C04F79EFBC}") = "N3", "N3\N3.csproj", "{0AD11396-6D54-4364-A0BC-10654BD3917D}"
EndProject
Project("{FAE04EC0-301F-11D3-BF4B-00C04F79EFBC}") = "N4", "N4\N4.csproj", "{87C8F6FA-3017-4650-8173-89B9BF0DD5DB}"
EndProject
Project("{FAE04EC0-301F-11D3-BF4B-00C04F79EFBC}") = "N5", "N5\N5.csproj", "{35819099-10EB-45D4-A665-4F5EE84402B5}"
EndProject
Global
	GlobalSection(SolutionConfigurationPlatforms) = preSolution
		Debug|Any CPU = Debug|Any CPU
		Release|Any CPU = Release|Any CPU
	EndGlobalSection
	GlobalSection(ProjectConfigurationPlatforms) = postSolution
		{73B6FACF-D356-4D8C-B948-1827C3BFAAC4}.Debug|Any CPU.ActiveCfg = Debug|Any CPU
		{73B6FACF-D356-4D8C-B948-1827C3BFAAC4}.Debug|Any CPU.Build.0 = Debug|Any CPU
		{73B6FACF-D356-4D8C-B948-1827C3BFAAC4}.Release|Any CPU.ActiveCfg = Release|Any CPU
		{73B6FACF-D356-4D8C-B948-1827C3BFAAC4}.Release|Any CPU.Build.0 = Release|Any CPU
		{72F73FC6-D9A8-4952-BBF4-9424C1463F81}.Debug|Any CPU.ActiveCfg = Debug|Any CPU
		{72F73FC6-D9A8-4952-BBF4-9424C1463F81}.Debug|Any CPU.Build.0 = Debug|Any CPU
		{72F73FC6-D9A8-4952-BBF4-9424C1463F81}.Release|Any CPU.ActiveCfg = Release|Any CPU
		{72F73FC6-D9A8-4952-BBF4-9424C1463F81}.Release|Any CPU.Build.0 = Release|Any CPU
		{0AD11396-6D54-4364-A0BC-10654BD3917D}.Debug|Any CPU.ActiveCfg = Debug|Any CPU
		{0AD11396-6D54-4364-A0BC-10654BD3917D}.Debug|Any CPU.Build.0 = Debug|Any CPU
		{0AD11396-6D54-4364-A0BC-10654BD3917D}.Release|Any CPU.ActiveCfg = Release|Any CPU
		{0AD11396-6D54-4364-A0BC-10654BD3917D}.Release|Any CPU.Build.0 = Release|Any CPU
		{87C8F6FA-3017-4650-8173-89B9BF0DD5DB}.Debug|Any CPU.ActiveCfg = Debug|Any CPU
		{87C8F6FA-3017-4650-8173-89B9BF0DD5DB}.Debug|Any CPU.Build.0 = Debug|Any CPU
		{87C8F6FA-3017-4650-8173-89B9BF0DD5DB}.Release|Any CPU.ActiveCfg = Release|Any CPU
		{87C8F6FA-3017-4650-8173-89B9BF0DD5DB}.Release|Any CPU.Build.0 = Release|Any CPU
		{35819099-10EB-45D4-A665-4F5EE84402B5}.Debug|Any CPU.ActiveCfg = Debug|Any CPU
		{35819099-10EB-45D4-A665-4F5EE84402B5}.Debug|Any CPU.Build.0 = Debug|Any CPU
		{35819099-10EB-45D4-A665-4F5EE84402B5}.Release|Any CPU.ActiveCfg = Release|Any CPU
		{35819099-10EB-45D4-A665-4F5EE84402B5}.Release|Any CPU.Build.0 = Release|Any CPU
	EndGlobalSection
	GlobalSection(SolutionProperties) = preSolution
		HideSolutionNode = FALSE
	EndGlobalSection
	GlobalSection(ExtensibilityGlobals) = postSolution
		SolutionGuid = {034F6839-5F6C-4760-8D73-25B1E3E2FDCB}
	EndGlobalSection
EndGlobal
